
Microsoft Visual Studio Solution File, Format Version 12.00
# Visual Studio Version 17
VisualStudioVersion = 17.0.31912.275
MinimumVisualStudioVersion = 10.0.40219.1
Project("{9A19103F-16F7-4668-BE54-9A1E7A4F7556}") = "Anima.ProjetoIntegrador.API", "Anima.ProjetoIntegrador\Anima.ProjetoIntegrador.API.csproj", "{160C2140-E6F4-4259-9476-E879BCBBCB7E}"
EndProject
Project("{2150E333-8FDC-42A3-9474-1A3956D46DE8}") = "1. Services", "1. Services", "{9DB72EE9-2D7E-4AFC-B091-E69E09F9B96E}"
EndProject
Project("{2150E333-8FDC-42A3-9474-1A3956D46DE8}") = "2. Application", "2. Application", "{30DEE555-3219-47D7-ACDF-BD56703B6DA7}"
EndProject
Project("{2150E333-8FDC-42A3-9474-1A3956D46DE8}") = "3. Domain", "3. Domain", "{F7093EFC-72AB-44AB-98CE-FA281256287E}"
EndProject
Project("{2150E333-8FDC-42A3-9474-1A3956D46DE8}") = "4. Infrastructure", "4. Infrastructure", "{F31546AF-5A67-4A4A-BD0B-3FF819C47E1D}"
EndProject
Project("{2150E333-8FDC-42A3-9474-1A3956D46DE8}") = "5. Tests", "5. Tests", "{8B7132B5-399B-4C6E-AF70-0218883ABDAF}"
EndProject
Project("{9A19103F-16F7-4668-BE54-9A1E7A4F7556}") = "Anima.ProjetoIntegrador.Application", "Anima.ProjetoIntegrador.Application\Anima.ProjetoIntegrador.Application.csproj", "{584E9C3F-24D7-4FFF-BFD2-2D27004FF6B7}"
EndProject
Project("{9A19103F-16F7-4668-BE54-9A1E7A4F7556}") = "Anima.ProjetoIntegrador.Domain", "Anima.ProjetoIntegrador.Domain.Shared\Anima.ProjetoIntegrador.Domain.csproj", "{14B18393-F052-49C7-AAD6-AB144ECF929B}"
EndProject
Project("{2150E333-8FDC-42A3-9474-1A3956D46DE8}") = "4.1 Data", "4.1 Data", "{9EFA047F-E070-4F3F-99B9-F0141B5206B1}"
EndProject
Project("{2150E333-8FDC-42A3-9474-1A3956D46DE8}") = "4.2 CrossCutting", "4.2 CrossCutting", "{CCD22622-5F74-4381-9464-451941279D2D}"
EndProject
Project("{9A19103F-16F7-4668-BE54-9A1E7A4F7556}") = "Anima.ProjetoIntegrador.Infrastructure.Data.Persistence", "Anima.ProjetoIntegrador.Infrastructure.Data.Persistence\Anima.ProjetoIntegrador.Infrastructure.Data.Persistence.csproj", "{C3F196EF-129B-40AD-A2B7-82AA750F5A89}"
EndProject
Project("{9A19103F-16F7-4668-BE54-9A1E7A4F7556}") = "Anima.ProjetoIntegrador.Tests.UnitTests", "Anima.ProjetoIntegrador.Tests.UnitTests\Anima.ProjetoIntegrador.Tests.UnitTests.csproj", "{190A8E3F-7444-4A72-A4A4-812202E12B6A}"
EndProject
Project("{9A19103F-16F7-4668-BE54-9A1E7A4F7556}") = "Anima.ProjetoIntegrador.Infrastructure.Data.CrossCutting", "Anima.ProjetoIntegrador.Infrastructure.Data.CrossCutting\Anima.ProjetoIntegrador.Infrastructure.Data.CrossCutting.csproj", "{73F4B71D-497C-450A-9868-770510566CAF}"
EndProject
Project("{2150E333-8FDC-42A3-9474-1A3956D46DE8}") = "4.3 Auth", "4.3 Auth", "{3AC1A146-2BF1-4A15-B798-A3F0A89B878E}"
EndProject
Project("{FAE04EC0-301F-11D3-BF4B-00C04F79EFBC}") = "Anima.ProjetoIntegrador.Infrastructure.Auth", "Anima.ProjetoIntegrador.Infrastructure.Auth\Anima.ProjetoIntegrador.Infrastructure.Auth.csproj", "{329760A3-7860-4F54-BB92-983AD981EEB1}"
EndProject
Global
	GlobalSection(SolutionConfigurationPlatforms) = preSolution
		Debug|Any CPU = Debug|Any CPU
		Release|Any CPU = Release|Any CPU
	EndGlobalSection
	GlobalSection(ProjectConfigurationPlatforms) = postSolution
		{160C2140-E6F4-4259-9476-E879BCBBCB7E}.Debug|Any CPU.ActiveCfg = Debug|Any CPU
		{160C2140-E6F4-4259-9476-E879BCBBCB7E}.Debug|Any CPU.Build.0 = Debug|Any CPU
		{160C2140-E6F4-4259-9476-E879BCBBCB7E}.Release|Any CPU.ActiveCfg = Release|Any CPU
		{160C2140-E6F4-4259-9476-E879BCBBCB7E}.Release|Any CPU.Build.0 = Release|Any CPU
		{584E9C3F-24D7-4FFF-BFD2-2D27004FF6B7}.Debug|Any CPU.ActiveCfg = Debug|Any CPU
		{584E9C3F-24D7-4FFF-BFD2-2D27004FF6B7}.Debug|Any CPU.Build.0 = Debug|Any CPU
		{584E9C3F-24D7-4FFF-BFD2-2D27004FF6B7}.Release|Any CPU.ActiveCfg = Release|Any CPU
		{584E9C3F-24D7-4FFF-BFD2-2D27004FF6B7}.Release|Any CPU.Build.0 = Release|Any CPU
		{14B18393-F052-49C7-AAD6-AB144ECF929B}.Debug|Any CPU.ActiveCfg = Debug|Any CPU
		{14B18393-F052-49C7-AAD6-AB144ECF929B}.Debug|Any CPU.Build.0 = Debug|Any CPU
		{14B18393-F052-49C7-AAD6-AB144ECF929B}.Release|Any CPU.ActiveCfg = Release|Any CPU
		{14B18393-F052-49C7-AAD6-AB144ECF929B}.Release|Any CPU.Build.0 = Release|Any CPU
		{C3F196EF-129B-40AD-A2B7-82AA750F5A89}.Debug|Any CPU.ActiveCfg = Debug|Any CPU
		{C3F196EF-129B-40AD-A2B7-82AA750F5A89}.Debug|Any CPU.Build.0 = Debug|Any CPU
		{C3F196EF-129B-40AD-A2B7-82AA750F5A89}.Release|Any CPU.ActiveCfg = Release|Any CPU
		{C3F196EF-129B-40AD-A2B7-82AA750F5A89}.Release|Any CPU.Build.0 = Release|Any CPU
		{190A8E3F-7444-4A72-A4A4-812202E12B6A}.Debug|Any CPU.ActiveCfg = Debug|Any CPU
		{190A8E3F-7444-4A72-A4A4-812202E12B6A}.Debug|Any CPU.Build.0 = Debug|Any CPU
		{190A8E3F-7444-4A72-A4A4-812202E12B6A}.Release|Any CPU.ActiveCfg = Release|Any CPU
		{190A8E3F-7444-4A72-A4A4-812202E12B6A}.Release|Any CPU.Build.0 = Release|Any CPU
		{73F4B71D-497C-450A-9868-770510566CAF}.Debug|Any CPU.ActiveCfg = Debug|Any CPU
		{73F4B71D-497C-450A-9868-770510566CAF}.Debug|Any CPU.Build.0 = Debug|Any CPU
		{73F4B71D-497C-450A-9868-770510566CAF}.Release|Any CPU.ActiveCfg = Release|Any CPU
		{73F4B71D-497C-450A-9868-770510566CAF}.Release|Any CPU.Build.0 = Release|Any CPU
		{329760A3-7860-4F54-BB92-983AD981EEB1}.Debug|Any CPU.ActiveCfg = Debug|Any CPU
		{329760A3-7860-4F54-BB92-983AD981EEB1}.Debug|Any CPU.Build.0 = Debug|Any CPU
		{329760A3-7860-4F54-BB92-983AD981EEB1}.Release|Any CPU.ActiveCfg = Release|Any CPU
		{329760A3-7860-4F54-BB92-983AD981EEB1}.Release|Any CPU.Build.0 = Release|Any CPU
	EndGlobalSection
	GlobalSection(SolutionProperties) = preSolution
		HideSolutionNode = FALSE
	EndGlobalSection
	GlobalSection(NestedProjects) = preSolution
		{160C2140-E6F4-4259-9476-E879BCBBCB7E} = {9DB72EE9-2D7E-4AFC-B091-E69E09F9B96E}
		{584E9C3F-24D7-4FFF-BFD2-2D27004FF6B7} = {30DEE555-3219-47D7-ACDF-BD56703B6DA7}
		{14B18393-F052-49C7-AAD6-AB144ECF929B} = {F7093EFC-72AB-44AB-98CE-FA281256287E}
		{9EFA047F-E070-4F3F-99B9-F0141B5206B1} = {F31546AF-5A67-4A4A-BD0B-3FF819C47E1D}
		{CCD22622-5F74-4381-9464-451941279D2D} = {F31546AF-5A67-4A4A-BD0B-3FF819C47E1D}
		{C3F196EF-129B-40AD-A2B7-82AA750F5A89} = {9EFA047F-E070-4F3F-99B9-F0141B5206B1}
		{190A8E3F-7444-4A72-A4A4-812202E12B6A} = {8B7132B5-399B-4C6E-AF70-0218883ABDAF}
		{73F4B71D-497C-450A-9868-770510566CAF} = {CCD22622-5F74-4381-9464-451941279D2D}
		{3AC1A146-2BF1-4A15-B798-A3F0A89B878E} = {F31546AF-5A67-4A4A-BD0B-3FF819C47E1D}
		{329760A3-7860-4F54-BB92-983AD981EEB1} = {3AC1A146-2BF1-4A15-B798-A3F0A89B878E}
	EndGlobalSection
	GlobalSection(ExtensibilityGlobals) = postSolution
		SolutionGuid = {E2BA3C83-9E93-42A5-99F8-3D41E4B79A40}
	EndGlobalSection
EndGlobal
